
Microsoft Visual Studio Solution File, Format Version 12.00
# Visual Studio Version 17
VisualStudioVersion = 17.7.34202.233
MinimumVisualStudioVersion = 10.0.40219.1
Project("{FAE04EC0-301F-11D3-BF4B-00C04F79EFBC}") = "Lab2_DotNet", "Lab2_DotNet.csproj", "{0C301604-5CB0-48C5-ADA2-A02677F0B575}"
EndProject
Global
	GlobalSection(SolutionConfigurationPlatforms) = preSolution
		Debug|Any CPU = Debug|Any CPU
		Release|Any CPU = Release|Any CPU
	EndGlobalSection
	GlobalSection(ProjectConfigurationPlatforms) = postSolution
		{0C301604-5CB0-48C5-ADA2-A02677F0B575}.Debug|Any CPU.ActiveCfg = Debug|Any CPU
		{0C301604-5CB0-48C5-ADA2-A02677F0B575}.Debug|Any CPU.Build.0 = Debug|Any CPU
		{0C301604-5CB0-48C5-ADA2-A02677F0B575}.Release|Any CPU.ActiveCfg = Release|Any CPU
		{0C301604-5CB0-48C5-ADA2-A02677F0B575}.Release|Any CPU.Build.0 = Release|Any CPU
	EndGlobalSection
	GlobalSection(SolutionProperties) = preSolution
		HideSolutionNode = FALSE
	EndGlobalSection
	GlobalSection(ExtensibilityGlobals) = postSolution
		SolutionGuid = {A3A76934-E690-4C6E-A0A3-2E2AC3B77161}
	EndGlobalSection
EndGlobal
