
Microsoft Visual Studio Solution File, Format Version 12.00
# Visual Studio Version 17
VisualStudioVersion = 17.7.34202.233
MinimumVisualStudioVersion = 10.0.40219.1
Project("{FAE04EC0-301F-11D3-BF4B-00C04F79EFBC}") = "Lab1_PNet", "Lab1_PNet.csproj", "{A1EAAE5F-E346-48F0-8C46-51B9857C6D8C}"
EndProject
Global
	GlobalSection(SolutionConfigurationPlatforms) = preSolution
		Debug|Any CPU = Debug|Any CPU
		Release|Any CPU = Release|Any CPU
	EndGlobalSection
	GlobalSection(ProjectConfigurationPlatforms) = postSolution
		{A1EAAE5F-E346-48F0-8C46-51B9857C6D8C}.Debug|Any CPU.ActiveCfg = Debug|Any CPU
		{A1EAAE5F-E346-48F0-8C46-51B9857C6D8C}.Debug|Any CPU.Build.0 = Debug|Any CPU
		{A1EAAE5F-E346-48F0-8C46-51B9857C6D8C}.Release|Any CPU.ActiveCfg = Release|Any CPU
		{A1EAAE5F-E346-48F0-8C46-51B9857C6D8C}.Release|Any CPU.Build.0 = Release|Any CPU
	EndGlobalSection
	GlobalSection(SolutionProperties) = preSolution
		HideSolutionNode = FALSE
	EndGlobalSection
	GlobalSection(ExtensibilityGlobals) = postSolution
		SolutionGuid = {92F3494C-7003-4AE5-832B-8C49D9240BB1}
	EndGlobalSection
EndGlobal
